
Microsoft Visual Studio Solution File, Format Version 12.00
# Visual Studio 15
VisualStudioVersion = 15.0.28010.2046
MinimumVisualStudioVersion = 10.0.40219.1
Project("{9A19103F-16F7-4668-BE54-9A1E7A4F7556}") = "LAB-", "LAB-\LAB-.csproj", "{E92CEDA5-929C-44E5-AF7A-21A5184FE5CB}"
EndProject
Project("{9A19103F-16F7-4668-BE54-9A1E7A4F7556}") = "test", "test\test.csproj", "{0FE32F38-6E78-4827-B8F4-97174DA31446}"
EndProject
Project("{9A19103F-16F7-4668-BE54-9A1E7A4F7556}") = "02. Repeat Strings", "02. Repeat Strings\02. Repeat Strings.csproj", "{F5B4F426-FA4E-4183-9421-821996D1D703}"
EndProject
Project("{9A19103F-16F7-4668-BE54-9A1E7A4F7556}") = "03. Substring", "03. Substring\03. Substring.csproj", "{E7B96005-0338-4EE2-A16C-8605B1FAB100}"
EndProject
Project("{9A19103F-16F7-4668-BE54-9A1E7A4F7556}") = "01. Reverse Strings", "01. Reverse Strings\01. Reverse Strings.csproj", "{430F5DDD-99F5-499A-A491-2BC701686BE5}"
EndProject
Project("{9A19103F-16F7-4668-BE54-9A1E7A4F7556}") = "04. Text Filter", "04. Text Filter\04. Text Filter.csproj", "{9D9E2E9A-7EAB-4F8E-8F8E-02190E0CF7AE}"
EndProject
Project("{9A19103F-16F7-4668-BE54-9A1E7A4F7556}") = "05. Digits, Letters and Other", "05. Digits, Letters and Other\05. Digits, Letters and Other.csproj", "{2CFA3566-2043-49FC-B018-D941D3032D31}"
EndProject
Project("{9A19103F-16F7-4668-BE54-9A1E7A4F7556}") = "07. String Explosion", "07. String Explosion\07. String Explosion.csproj", "{7090D586-E794-421F-8BD9-C68F1A1777F6}"
EndProject
Project("{9A19103F-16F7-4668-BE54-9A1E7A4F7556}") = "08. Match Numbers", "08. Match Numbers\08. Match Numbers.csproj", "{DF6BE647-39A3-409D-93EC-105744581098}"
EndProject
Project("{FAE04EC0-301F-11D3-BF4B-00C04F79EFBC}") = "09. Star Enigma", "09. Star Enigma\09. Star Enigma.csproj", "{07D42420-044B-4771-AFCC-0DC54B11F769}"
EndProject
Global
	GlobalSection(SolutionConfigurationPlatforms) = preSolution
		Debug|Any CPU = Debug|Any CPU
		Release|Any CPU = Release|Any CPU
	EndGlobalSection
	GlobalSection(ProjectConfigurationPlatforms) = postSolution
		{E92CEDA5-929C-44E5-AF7A-21A5184FE5CB}.Debug|Any CPU.ActiveCfg = Debug|Any CPU
		{E92CEDA5-929C-44E5-AF7A-21A5184FE5CB}.Debug|Any CPU.Build.0 = Debug|Any CPU
		{E92CEDA5-929C-44E5-AF7A-21A5184FE5CB}.Release|Any CPU.ActiveCfg = Release|Any CPU
		{E92CEDA5-929C-44E5-AF7A-21A5184FE5CB}.Release|Any CPU.Build.0 = Release|Any CPU
		{0FE32F38-6E78-4827-B8F4-97174DA31446}.Debug|Any CPU.ActiveCfg = Debug|Any CPU
		{0FE32F38-6E78-4827-B8F4-97174DA31446}.Debug|Any CPU.Build.0 = Debug|Any CPU
		{0FE32F38-6E78-4827-B8F4-97174DA31446}.Release|Any CPU.ActiveCfg = Release|Any CPU
		{0FE32F38-6E78-4827-B8F4-97174DA31446}.Release|Any CPU.Build.0 = Release|Any CPU
		{F5B4F426-FA4E-4183-9421-821996D1D703}.Debug|Any CPU.ActiveCfg = Debug|Any CPU
		{F5B4F426-FA4E-4183-9421-821996D1D703}.Debug|Any CPU.Build.0 = Debug|Any CPU
		{F5B4F426-FA4E-4183-9421-821996D1D703}.Release|Any CPU.ActiveCfg = Release|Any CPU
		{F5B4F426-FA4E-4183-9421-821996D1D703}.Release|Any CPU.Build.0 = Release|Any CPU
		{E7B96005-0338-4EE2-A16C-8605B1FAB100}.Debug|Any CPU.ActiveCfg = Debug|Any CPU
		{E7B96005-0338-4EE2-A16C-8605B1FAB100}.Debug|Any CPU.Build.0 = Debug|Any CPU
		{E7B96005-0338-4EE2-A16C-8605B1FAB100}.Release|Any CPU.ActiveCfg = Release|Any CPU
		{E7B96005-0338-4EE2-A16C-8605B1FAB100}.Release|Any CPU.Build.0 = Release|Any CPU
		{430F5DDD-99F5-499A-A491-2BC701686BE5}.Debug|Any CPU.ActiveCfg = Debug|Any CPU
		{430F5DDD-99F5-499A-A491-2BC701686BE5}.Debug|Any CPU.Build.0 = Debug|Any CPU
		{430F5DDD-99F5-499A-A491-2BC701686BE5}.Release|Any CPU.ActiveCfg = Release|Any CPU
		{430F5DDD-99F5-499A-A491-2BC701686BE5}.Release|Any CPU.Build.0 = Release|Any CPU
		{9D9E2E9A-7EAB-4F8E-8F8E-02190E0CF7AE}.Debug|Any CPU.ActiveCfg = Debug|Any CPU
		{9D9E2E9A-7EAB-4F8E-8F8E-02190E0CF7AE}.Debug|Any CPU.Build.0 = Debug|Any CPU
		{9D9E2E9A-7EAB-4F8E-8F8E-02190E0CF7AE}.Release|Any CPU.ActiveCfg = Release|Any CPU
		{9D9E2E9A-7EAB-4F8E-8F8E-02190E0CF7AE}.Release|Any CPU.Build.0 = Release|Any CPU
		{2CFA3566-2043-49FC-B018-D941D3032D31}.Debug|Any CPU.ActiveCfg = Debug|Any CPU
		{2CFA3566-2043-49FC-B018-D941D3032D31}.Debug|Any CPU.Build.0 = Debug|Any CPU
		{2CFA3566-2043-49FC-B018-D941D3032D31}.Release|Any CPU.ActiveCfg = Release|Any CPU
		{2CFA3566-2043-49FC-B018-D941D3032D31}.Release|Any CPU.Build.0 = Release|Any CPU
		{7090D586-E794-421F-8BD9-C68F1A1777F6}.Debug|Any CPU.ActiveCfg = Debug|Any CPU
		{7090D586-E794-421F-8BD9-C68F1A1777F6}.Debug|Any CPU.Build.0 = Debug|Any CPU
		{7090D586-E794-421F-8BD9-C68F1A1777F6}.Release|Any CPU.ActiveCfg = Release|Any CPU
		{7090D586-E794-421F-8BD9-C68F1A1777F6}.Release|Any CPU.Build.0 = Release|Any CPU
		{DF6BE647-39A3-409D-93EC-105744581098}.Debug|Any CPU.ActiveCfg = Debug|Any CPU
		{DF6BE647-39A3-409D-93EC-105744581098}.Debug|Any CPU.Build.0 = Debug|Any CPU
		{DF6BE647-39A3-409D-93EC-105744581098}.Release|Any CPU.ActiveCfg = Release|Any CPU
		{DF6BE647-39A3-409D-93EC-105744581098}.Release|Any CPU.Build.0 = Release|Any CPU
		{07D42420-044B-4771-AFCC-0DC54B11F769}.Debug|Any CPU.ActiveCfg = Debug|Any CPU
		{07D42420-044B-4771-AFCC-0DC54B11F769}.Debug|Any CPU.Build.0 = Debug|Any CPU
		{07D42420-044B-4771-AFCC-0DC54B11F769}.Release|Any CPU.ActiveCfg = Release|Any CPU
		{07D42420-044B-4771-AFCC-0DC54B11F769}.Release|Any CPU.Build.0 = Release|Any CPU
	EndGlobalSection
	GlobalSection(SolutionProperties) = preSolution
		HideSolutionNode = FALSE
	EndGlobalSection
	GlobalSection(ExtensibilityGlobals) = postSolution
		SolutionGuid = {34F1EA3B-4417-4D16-A46D-8993370B4BF3}
	EndGlobalSection
EndGlobal
