
Microsoft Visual Studio Solution File, Format Version 12.00
# Visual Studio 15
VisualStudioVersion = 15.0.28010.2046
MinimumVisualStudioVersion = 10.0.40219.1
Project("{9A19103F-16F7-4668-BE54-9A1E7A4F7556}") = "02. A Miner Task", "02. A Miner Task\02. A Miner Task.csproj", "{D7AD4DDD-5A08-4F12-BAA6-9D222FC487C2}"
EndProject
Project("{9A19103F-16F7-4668-BE54-9A1E7A4F7556}") = "04. Orders", "04. Orders\04. Orders.csproj", "{4B9A5BC1-87C3-4FFD-9B5D-CBC60059F8B1}"
EndProject
Project("{FAE04EC0-301F-11D3-BF4B-00C04F79EFBC}") = "05. SoftUni Parking", "05. SoftUni Parking\05. SoftUni Parking.csproj", "{A3D5FDF5-17DD-4F3B-9DA8-D6180612DE9A}"
EndProject
Project("{FAE04EC0-301F-11D3-BF4B-00C04F79EFBC}") = "06. Courses", "06. Courses\06. Courses.csproj", "{0AAF63B4-E3C4-4158-B4F9-AEBAF740E423}"
EndProject
Project("{FAE04EC0-301F-11D3-BF4B-00C04F79EFBC}") = "07. Student Academy", "07. Student Academy\07. Student Academy.csproj", "{E31ECBB1-9957-413F-A27F-12E743C025A3}"
EndProject
Project("{FAE04EC0-301F-11D3-BF4B-00C04F79EFBC}") = "08. Company Users", "08. Company Users\08. Company Users.csproj", "{93F26236-5FB8-42FC-86D4-AB4FCCE9AB87}"
EndProject
Project("{FAE04EC0-301F-11D3-BF4B-00C04F79EFBC}") = "10. SoftUni Exam Results", "10. SoftUni Exam Results\10. SoftUni Exam Results.csproj", "{66DD815D-6D42-43AD-80BA-55F290499E60}"
EndProject
Global
	GlobalSection(SolutionConfigurationPlatforms) = preSolution
		Debug|Any CPU = Debug|Any CPU
		Release|Any CPU = Release|Any CPU
	EndGlobalSection
	GlobalSection(ProjectConfigurationPlatforms) = postSolution
		{D7AD4DDD-5A08-4F12-BAA6-9D222FC487C2}.Debug|Any CPU.ActiveCfg = Debug|Any CPU
		{D7AD4DDD-5A08-4F12-BAA6-9D222FC487C2}.Debug|Any CPU.Build.0 = Debug|Any CPU
		{D7AD4DDD-5A08-4F12-BAA6-9D222FC487C2}.Release|Any CPU.ActiveCfg = Release|Any CPU
		{D7AD4DDD-5A08-4F12-BAA6-9D222FC487C2}.Release|Any CPU.Build.0 = Release|Any CPU
		{4B9A5BC1-87C3-4FFD-9B5D-CBC60059F8B1}.Debug|Any CPU.ActiveCfg = Debug|Any CPU
		{4B9A5BC1-87C3-4FFD-9B5D-CBC60059F8B1}.Debug|Any CPU.Build.0 = Debug|Any CPU
		{4B9A5BC1-87C3-4FFD-9B5D-CBC60059F8B1}.Release|Any CPU.ActiveCfg = Release|Any CPU
		{4B9A5BC1-87C3-4FFD-9B5D-CBC60059F8B1}.Release|Any CPU.Build.0 = Release|Any CPU
		{A3D5FDF5-17DD-4F3B-9DA8-D6180612DE9A}.Debug|Any CPU.ActiveCfg = Debug|Any CPU
		{A3D5FDF5-17DD-4F3B-9DA8-D6180612DE9A}.Debug|Any CPU.Build.0 = Debug|Any CPU
		{A3D5FDF5-17DD-4F3B-9DA8-D6180612DE9A}.Release|Any CPU.ActiveCfg = Release|Any CPU
		{A3D5FDF5-17DD-4F3B-9DA8-D6180612DE9A}.Release|Any CPU.Build.0 = Release|Any CPU
		{0AAF63B4-E3C4-4158-B4F9-AEBAF740E423}.Debug|Any CPU.ActiveCfg = Debug|Any CPU
		{0AAF63B4-E3C4-4158-B4F9-AEBAF740E423}.Debug|Any CPU.Build.0 = Debug|Any CPU
		{0AAF63B4-E3C4-4158-B4F9-AEBAF740E423}.Release|Any CPU.ActiveCfg = Release|Any CPU
		{0AAF63B4-E3C4-4158-B4F9-AEBAF740E423}.Release|Any CPU.Build.0 = Release|Any CPU
		{E31ECBB1-9957-413F-A27F-12E743C025A3}.Debug|Any CPU.ActiveCfg = Debug|Any CPU
		{E31ECBB1-9957-413F-A27F-12E743C025A3}.Debug|Any CPU.Build.0 = Debug|Any CPU
		{E31ECBB1-9957-413F-A27F-12E743C025A3}.Release|Any CPU.ActiveCfg = Release|Any CPU
		{E31ECBB1-9957-413F-A27F-12E743C025A3}.Release|Any CPU.Build.0 = Release|Any CPU
		{93F26236-5FB8-42FC-86D4-AB4FCCE9AB87}.Debug|Any CPU.ActiveCfg = Debug|Any CPU
		{93F26236-5FB8-42FC-86D4-AB4FCCE9AB87}.Debug|Any CPU.Build.0 = Debug|Any CPU
		{93F26236-5FB8-42FC-86D4-AB4FCCE9AB87}.Release|Any CPU.ActiveCfg = Release|Any CPU
		{93F26236-5FB8-42FC-86D4-AB4FCCE9AB87}.Release|Any CPU.Build.0 = Release|Any CPU
		{66DD815D-6D42-43AD-80BA-55F290499E60}.Debug|Any CPU.ActiveCfg = Debug|Any CPU
		{66DD815D-6D42-43AD-80BA-55F290499E60}.Debug|Any CPU.Build.0 = Debug|Any CPU
		{66DD815D-6D42-43AD-80BA-55F290499E60}.Release|Any CPU.ActiveCfg = Release|Any CPU
		{66DD815D-6D42-43AD-80BA-55F290499E60}.Release|Any CPU.Build.0 = Release|Any CPU
	EndGlobalSection
	GlobalSection(SolutionProperties) = preSolution
		HideSolutionNode = FALSE
	EndGlobalSection
	GlobalSection(ExtensibilityGlobals) = postSolution
		SolutionGuid = {FF5336F7-96A9-4C95-93B8-9E7A77ED4217}
	EndGlobalSection
EndGlobal
