
Microsoft Visual Studio Solution File, Format Version 12.00
# Visual Studio 15
VisualStudioVersion = 15.0.28307.572
MinimumVisualStudioVersion = 10.0.40219.1
Project("{9A19103F-16F7-4668-BE54-9A1E7A4F7556}") = "1. Reverse Strings", "1. Reverse Strings\1. Reverse Strings.csproj", "{015B0BC6-5A46-4372-80AC-9DFE2FF1F9E7}"
EndProject
Project("{9A19103F-16F7-4668-BE54-9A1E7A4F7556}") = "2. Simple Calculator", "2. Simple Calculator\2. Simple Calculator.csproj", "{D22BB269-1760-4309-BE2A-A98B8AA1A7B0}"
EndProject
Project("{FAE04EC0-301F-11D3-BF4B-00C04F79EFBC}") = "4. Matching Brackets", "4. Matching Brackets\4. Matching Brackets.csproj", "{A955BA2A-2E85-4C61-8FCF-8652E30747B5}"
EndProject
Project("{FAE04EC0-301F-11D3-BF4B-00C04F79EFBC}") = "5. Hot Potato", "5. Hot Potato\5. Hot Potato.csproj", "{EF6B5581-97FE-4289-A04F-9CCFE33A2C15}"
EndProject
Project("{FAE04EC0-301F-11D3-BF4B-00C04F79EFBC}") = "6. Traffic Jam", "6. Traffic Jam\6. Traffic Jam.csproj", "{7069CE97-53B2-4B9E-A217-40A27A6816AF}"
EndProject
Global
	GlobalSection(SolutionConfigurationPlatforms) = preSolution
		Debug|Any CPU = Debug|Any CPU
		Release|Any CPU = Release|Any CPU
	EndGlobalSection
	GlobalSection(ProjectConfigurationPlatforms) = postSolution
		{015B0BC6-5A46-4372-80AC-9DFE2FF1F9E7}.Debug|Any CPU.ActiveCfg = Debug|Any CPU
		{015B0BC6-5A46-4372-80AC-9DFE2FF1F9E7}.Debug|Any CPU.Build.0 = Debug|Any CPU
		{015B0BC6-5A46-4372-80AC-9DFE2FF1F9E7}.Release|Any CPU.ActiveCfg = Release|Any CPU
		{015B0BC6-5A46-4372-80AC-9DFE2FF1F9E7}.Release|Any CPU.Build.0 = Release|Any CPU
		{D22BB269-1760-4309-BE2A-A98B8AA1A7B0}.Debug|Any CPU.ActiveCfg = Debug|Any CPU
		{D22BB269-1760-4309-BE2A-A98B8AA1A7B0}.Debug|Any CPU.Build.0 = Debug|Any CPU
		{D22BB269-1760-4309-BE2A-A98B8AA1A7B0}.Release|Any CPU.ActiveCfg = Release|Any CPU
		{D22BB269-1760-4309-BE2A-A98B8AA1A7B0}.Release|Any CPU.Build.0 = Release|Any CPU
		{A955BA2A-2E85-4C61-8FCF-8652E30747B5}.Debug|Any CPU.ActiveCfg = Debug|Any CPU
		{A955BA2A-2E85-4C61-8FCF-8652E30747B5}.Debug|Any CPU.Build.0 = Debug|Any CPU
		{A955BA2A-2E85-4C61-8FCF-8652E30747B5}.Release|Any CPU.ActiveCfg = Release|Any CPU
		{A955BA2A-2E85-4C61-8FCF-8652E30747B5}.Release|Any CPU.Build.0 = Release|Any CPU
		{EF6B5581-97FE-4289-A04F-9CCFE33A2C15}.Debug|Any CPU.ActiveCfg = Debug|Any CPU
		{EF6B5581-97FE-4289-A04F-9CCFE33A2C15}.Debug|Any CPU.Build.0 = Debug|Any CPU
		{EF6B5581-97FE-4289-A04F-9CCFE33A2C15}.Release|Any CPU.ActiveCfg = Release|Any CPU
		{EF6B5581-97FE-4289-A04F-9CCFE33A2C15}.Release|Any CPU.Build.0 = Release|Any CPU
		{7069CE97-53B2-4B9E-A217-40A27A6816AF}.Debug|Any CPU.ActiveCfg = Debug|Any CPU
		{7069CE97-53B2-4B9E-A217-40A27A6816AF}.Debug|Any CPU.Build.0 = Debug|Any CPU
		{7069CE97-53B2-4B9E-A217-40A27A6816AF}.Release|Any CPU.ActiveCfg = Release|Any CPU
		{7069CE97-53B2-4B9E-A217-40A27A6816AF}.Release|Any CPU.Build.0 = Release|Any CPU
	EndGlobalSection
	GlobalSection(SolutionProperties) = preSolution
		HideSolutionNode = FALSE
	EndGlobalSection
	GlobalSection(ExtensibilityGlobals) = postSolution
		SolutionGuid = {FCE0AE3B-98E3-4B1E-8C70-A3463036952E}
	EndGlobalSection
EndGlobal
