
Microsoft Visual Studio Solution File, Format Version 12.00
# Visual Studio 15
VisualStudioVersion = 15.0.28010.2046
MinimumVisualStudioVersion = 10.0.40219.1
Project("{9A19103F-16F7-4668-BE54-9A1E7A4F7556}") = "01. Valid Usernames", "01. Valid Usernames\01. Valid Usernames.csproj", "{EA46D5F2-2B03-4FCF-90B0-33BA0AE91D8C}"
EndProject
Project("{9A19103F-16F7-4668-BE54-9A1E7A4F7556}") = "02. Character Multiplier", "02. Character Multiplier\02. Character Multiplier.csproj", "{BD49A159-B83E-4F83-B361-A667D6D04387}"
EndProject
Project("{9A19103F-16F7-4668-BE54-9A1E7A4F7556}") = "12. SoftUni Bar Income", "12. SoftUni Bar Income\12. SoftUni Bar Income.csproj", "{C43BE5CB-4421-4E83-AE86-6D341797A4F6}"
EndProject
Project("{9A19103F-16F7-4668-BE54-9A1E7A4F7556}") = "05. Multiply Big Number", "05. Multiply Big Number\05. Multiply Big Number.csproj", "{BBD53260-A71E-41A6-B18F-709519EB5EA8}"
EndProject
Project("{9A19103F-16F7-4668-BE54-9A1E7A4F7556}") = "10. Rage Quit", "10. Rage Quit\10. Rage Quit.csproj", "{4B5C4029-DA14-46EE-92B8-099FA4D11327}"
EndProject
Project("{FAE04EC0-301F-11D3-BF4B-00C04F79EFBC}") = "11. Letters Change Numbers", "11. Letters Change Numbers\11. Letters Change Numbers.csproj", "{4F9EFFC1-79D5-47A3-8BE7-40B1207399A5}"
EndProject
Global
	GlobalSection(SolutionConfigurationPlatforms) = preSolution
		Debug|Any CPU = Debug|Any CPU
		Release|Any CPU = Release|Any CPU
	EndGlobalSection
	GlobalSection(ProjectConfigurationPlatforms) = postSolution
		{EA46D5F2-2B03-4FCF-90B0-33BA0AE91D8C}.Debug|Any CPU.ActiveCfg = Debug|Any CPU
		{EA46D5F2-2B03-4FCF-90B0-33BA0AE91D8C}.Debug|Any CPU.Build.0 = Debug|Any CPU
		{EA46D5F2-2B03-4FCF-90B0-33BA0AE91D8C}.Release|Any CPU.ActiveCfg = Release|Any CPU
		{EA46D5F2-2B03-4FCF-90B0-33BA0AE91D8C}.Release|Any CPU.Build.0 = Release|Any CPU
		{BD49A159-B83E-4F83-B361-A667D6D04387}.Debug|Any CPU.ActiveCfg = Debug|Any CPU
		{BD49A159-B83E-4F83-B361-A667D6D04387}.Debug|Any CPU.Build.0 = Debug|Any CPU
		{BD49A159-B83E-4F83-B361-A667D6D04387}.Release|Any CPU.ActiveCfg = Release|Any CPU
		{BD49A159-B83E-4F83-B361-A667D6D04387}.Release|Any CPU.Build.0 = Release|Any CPU
		{C43BE5CB-4421-4E83-AE86-6D341797A4F6}.Debug|Any CPU.ActiveCfg = Debug|Any CPU
		{C43BE5CB-4421-4E83-AE86-6D341797A4F6}.Debug|Any CPU.Build.0 = Debug|Any CPU
		{C43BE5CB-4421-4E83-AE86-6D341797A4F6}.Release|Any CPU.ActiveCfg = Release|Any CPU
		{C43BE5CB-4421-4E83-AE86-6D341797A4F6}.Release|Any CPU.Build.0 = Release|Any CPU
		{BBD53260-A71E-41A6-B18F-709519EB5EA8}.Debug|Any CPU.ActiveCfg = Debug|Any CPU
		{BBD53260-A71E-41A6-B18F-709519EB5EA8}.Debug|Any CPU.Build.0 = Debug|Any CPU
		{BBD53260-A71E-41A6-B18F-709519EB5EA8}.Release|Any CPU.ActiveCfg = Release|Any CPU
		{BBD53260-A71E-41A6-B18F-709519EB5EA8}.Release|Any CPU.Build.0 = Release|Any CPU
		{4B5C4029-DA14-46EE-92B8-099FA4D11327}.Debug|Any CPU.ActiveCfg = Debug|Any CPU
		{4B5C4029-DA14-46EE-92B8-099FA4D11327}.Debug|Any CPU.Build.0 = Debug|Any CPU
		{4B5C4029-DA14-46EE-92B8-099FA4D11327}.Release|Any CPU.ActiveCfg = Release|Any CPU
		{4B5C4029-DA14-46EE-92B8-099FA4D11327}.Release|Any CPU.Build.0 = Release|Any CPU
		{4F9EFFC1-79D5-47A3-8BE7-40B1207399A5}.Debug|Any CPU.ActiveCfg = Debug|Any CPU
		{4F9EFFC1-79D5-47A3-8BE7-40B1207399A5}.Debug|Any CPU.Build.0 = Debug|Any CPU
		{4F9EFFC1-79D5-47A3-8BE7-40B1207399A5}.Release|Any CPU.ActiveCfg = Release|Any CPU
		{4F9EFFC1-79D5-47A3-8BE7-40B1207399A5}.Release|Any CPU.Build.0 = Release|Any CPU
	EndGlobalSection
	GlobalSection(SolutionProperties) = preSolution
		HideSolutionNode = FALSE
	EndGlobalSection
	GlobalSection(ExtensibilityGlobals) = postSolution
		SolutionGuid = {7D8E5E9C-CD67-4CF8-9F1D-F1978260A4A8}
	EndGlobalSection
EndGlobal
