
Microsoft Visual Studio Solution File, Format Version 12.00
# Visual Studio 15
VisualStudioVersion = 15.0.28010.2046
MinimumVisualStudioVersion = 10.0.40219.1
Project("{FAE04EC0-301F-11D3-BF4B-00C04F79EFBC}") = "01. Extract Person Information", "01. Extract Person Information\01. Extract Person Information.csproj", "{6528E356-EC41-4637-91FF-0687178A39AB}"
EndProject
Project("{FAE04EC0-301F-11D3-BF4B-00C04F79EFBC}") = "02. Ascii Sumator", "02. Ascii Sumator\02. Ascii Sumator.csproj", "{C5575BB5-082B-4BD1-81DE-5539667E2BEA}"
EndProject
Project("{FAE04EC0-301F-11D3-BF4B-00C04F79EFBC}") = "03. Treasure Finder", "03. Treasure Finder\03. Treasure Finder.csproj", "{9406069C-65F5-43A3-8399-8BB67CEE31F2}"
EndProject
Project("{FAE04EC0-301F-11D3-BF4B-00C04F79EFBC}") = "06. Winning Ticket", "06. Winning Ticket\06. Winning Ticket.csproj", "{8ECA03D6-0736-47C3-9AB4-4663B4632786}"
EndProject
Global
	GlobalSection(SolutionConfigurationPlatforms) = preSolution
		Debug|Any CPU = Debug|Any CPU
		Release|Any CPU = Release|Any CPU
	EndGlobalSection
	GlobalSection(ProjectConfigurationPlatforms) = postSolution
		{6528E356-EC41-4637-91FF-0687178A39AB}.Debug|Any CPU.ActiveCfg = Debug|Any CPU
		{6528E356-EC41-4637-91FF-0687178A39AB}.Debug|Any CPU.Build.0 = Debug|Any CPU
		{6528E356-EC41-4637-91FF-0687178A39AB}.Release|Any CPU.ActiveCfg = Release|Any CPU
		{6528E356-EC41-4637-91FF-0687178A39AB}.Release|Any CPU.Build.0 = Release|Any CPU
		{C5575BB5-082B-4BD1-81DE-5539667E2BEA}.Debug|Any CPU.ActiveCfg = Debug|Any CPU
		{C5575BB5-082B-4BD1-81DE-5539667E2BEA}.Debug|Any CPU.Build.0 = Debug|Any CPU
		{C5575BB5-082B-4BD1-81DE-5539667E2BEA}.Release|Any CPU.ActiveCfg = Release|Any CPU
		{C5575BB5-082B-4BD1-81DE-5539667E2BEA}.Release|Any CPU.Build.0 = Release|Any CPU
		{9406069C-65F5-43A3-8399-8BB67CEE31F2}.Debug|Any CPU.ActiveCfg = Debug|Any CPU
		{9406069C-65F5-43A3-8399-8BB67CEE31F2}.Debug|Any CPU.Build.0 = Debug|Any CPU
		{9406069C-65F5-43A3-8399-8BB67CEE31F2}.Release|Any CPU.ActiveCfg = Release|Any CPU
		{9406069C-65F5-43A3-8399-8BB67CEE31F2}.Release|Any CPU.Build.0 = Release|Any CPU
		{8ECA03D6-0736-47C3-9AB4-4663B4632786}.Debug|Any CPU.ActiveCfg = Debug|Any CPU
		{8ECA03D6-0736-47C3-9AB4-4663B4632786}.Debug|Any CPU.Build.0 = Debug|Any CPU
		{8ECA03D6-0736-47C3-9AB4-4663B4632786}.Release|Any CPU.ActiveCfg = Release|Any CPU
		{8ECA03D6-0736-47C3-9AB4-4663B4632786}.Release|Any CPU.Build.0 = Release|Any CPU
	EndGlobalSection
	GlobalSection(SolutionProperties) = preSolution
		HideSolutionNode = FALSE
	EndGlobalSection
	GlobalSection(ExtensibilityGlobals) = postSolution
		SolutionGuid = {69DBBF4A-DA84-4364-9A2E-D69A1C70461F}
	EndGlobalSection
EndGlobal
