
Microsoft Visual Studio Solution File, Format Version 12.00
# Visual Studio 15
VisualStudioVersion = 15.0.28307.572
MinimumVisualStudioVersion = 10.0.40219.1
Project("{9A19103F-16F7-4668-BE54-9A1E7A4F7556}") = "Lab", "Lab\Lab.csproj", "{75DF2F00-2590-4C0A-AED9-426BE3891491}"
EndProject
Project("{FAE04EC0-301F-11D3-BF4B-00C04F79EFBC}") = "Lab2", "Lab2\Lab2.csproj", "{2EA34A38-CD64-4DCD-BCD3-283F2260F24B}"
EndProject
Project("{FAE04EC0-301F-11D3-BF4B-00C04F79EFBC}") = "Count Uppercase Words", "Count Uppercase Words\Count Uppercase Words.csproj", "{1ED555A0-AF0B-42B8-90DE-3963489702AF}"
EndProject
Project("{FAE04EC0-301F-11D3-BF4B-00C04F79EFBC}") = "Add VAT", "Add VAT\Add VAT.csproj", "{1564A34D-D75C-4316-98E0-EB9A26ED6B03}"
EndProject
Project("{FAE04EC0-301F-11D3-BF4B-00C04F79EFBC}") = "Filter by Age", "Filter by Age\Filter by Age.csproj", "{FC33E742-0ED6-4BEA-90E0-7A430D89C5AF}"
EndProject
Global
	GlobalSection(SolutionConfigurationPlatforms) = preSolution
		Debug|Any CPU = Debug|Any CPU
		Release|Any CPU = Release|Any CPU
	EndGlobalSection
	GlobalSection(ProjectConfigurationPlatforms) = postSolution
		{75DF2F00-2590-4C0A-AED9-426BE3891491}.Debug|Any CPU.ActiveCfg = Debug|Any CPU
		{75DF2F00-2590-4C0A-AED9-426BE3891491}.Debug|Any CPU.Build.0 = Debug|Any CPU
		{75DF2F00-2590-4C0A-AED9-426BE3891491}.Release|Any CPU.ActiveCfg = Release|Any CPU
		{75DF2F00-2590-4C0A-AED9-426BE3891491}.Release|Any CPU.Build.0 = Release|Any CPU
		{2EA34A38-CD64-4DCD-BCD3-283F2260F24B}.Debug|Any CPU.ActiveCfg = Debug|Any CPU
		{2EA34A38-CD64-4DCD-BCD3-283F2260F24B}.Debug|Any CPU.Build.0 = Debug|Any CPU
		{2EA34A38-CD64-4DCD-BCD3-283F2260F24B}.Release|Any CPU.ActiveCfg = Release|Any CPU
		{2EA34A38-CD64-4DCD-BCD3-283F2260F24B}.Release|Any CPU.Build.0 = Release|Any CPU
		{1ED555A0-AF0B-42B8-90DE-3963489702AF}.Debug|Any CPU.ActiveCfg = Debug|Any CPU
		{1ED555A0-AF0B-42B8-90DE-3963489702AF}.Debug|Any CPU.Build.0 = Debug|Any CPU
		{1ED555A0-AF0B-42B8-90DE-3963489702AF}.Release|Any CPU.ActiveCfg = Release|Any CPU
		{1ED555A0-AF0B-42B8-90DE-3963489702AF}.Release|Any CPU.Build.0 = Release|Any CPU
		{1564A34D-D75C-4316-98E0-EB9A26ED6B03}.Debug|Any CPU.ActiveCfg = Debug|Any CPU
		{1564A34D-D75C-4316-98E0-EB9A26ED6B03}.Debug|Any CPU.Build.0 = Debug|Any CPU
		{1564A34D-D75C-4316-98E0-EB9A26ED6B03}.Release|Any CPU.ActiveCfg = Release|Any CPU
		{1564A34D-D75C-4316-98E0-EB9A26ED6B03}.Release|Any CPU.Build.0 = Release|Any CPU
		{FC33E742-0ED6-4BEA-90E0-7A430D89C5AF}.Debug|Any CPU.ActiveCfg = Debug|Any CPU
		{FC33E742-0ED6-4BEA-90E0-7A430D89C5AF}.Debug|Any CPU.Build.0 = Debug|Any CPU
		{FC33E742-0ED6-4BEA-90E0-7A430D89C5AF}.Release|Any CPU.ActiveCfg = Release|Any CPU
		{FC33E742-0ED6-4BEA-90E0-7A430D89C5AF}.Release|Any CPU.Build.0 = Release|Any CPU
	EndGlobalSection
	GlobalSection(SolutionProperties) = preSolution
		HideSolutionNode = FALSE
	EndGlobalSection
	GlobalSection(ExtensibilityGlobals) = postSolution
		SolutionGuid = {ECC78316-4B45-47E7-A839-EFC5B268968A}
	EndGlobalSection
EndGlobal
