
Microsoft Visual Studio Solution File, Format Version 12.00
# Visual Studio 15
VisualStudioVersion = 15.0.28307.572
MinimumVisualStudioVersion = 10.0.40219.1
Project("{FAE04EC0-301F-11D3-BF4B-00C04F79EFBC}") = "Salad", "Salad\Salad.csproj", "{D69A35E4-79E4-4F38-B552-5FD9C41BFFE9}"
EndProject
Project("{FAE04EC0-301F-11D3-BF4B-00C04F79EFBC}") = "TrojanIvazion", "TrojanIvazion\TrojanIvazion.csproj", "{1E9CDDA4-7C59-4CB3-AE18-7E07DDDA8604}"
EndProject
Project("{FAE04EC0-301F-11D3-BF4B-00C04F79EFBC}") = "temp", "temp\temp.csproj", "{6DAF48FC-F3DC-4DFD-B343-6E70E1202182}"
EndProject
Project("{FAE04EC0-301F-11D3-BF4B-00C04F79EFBC}") = "TronRacers", "TronRacers\TronRacers.csproj", "{F16B3540-F3EF-474D-9EC0-CCB20A37BBBA}"
EndProject
Project("{FAE04EC0-301F-11D3-BF4B-00C04F79EFBC}") = "ClurParty", "ClurParty\ClurParty.csproj", "{295F8DE2-464E-4380-97BC-8CD570F7602C}"
EndProject
Global
	GlobalSection(SolutionConfigurationPlatforms) = preSolution
		Debug|Any CPU = Debug|Any CPU
		Release|Any CPU = Release|Any CPU
	EndGlobalSection
	GlobalSection(ProjectConfigurationPlatforms) = postSolution
		{D69A35E4-79E4-4F38-B552-5FD9C41BFFE9}.Debug|Any CPU.ActiveCfg = Debug|Any CPU
		{D69A35E4-79E4-4F38-B552-5FD9C41BFFE9}.Debug|Any CPU.Build.0 = Debug|Any CPU
		{D69A35E4-79E4-4F38-B552-5FD9C41BFFE9}.Release|Any CPU.ActiveCfg = Release|Any CPU
		{D69A35E4-79E4-4F38-B552-5FD9C41BFFE9}.Release|Any CPU.Build.0 = Release|Any CPU
		{1E9CDDA4-7C59-4CB3-AE18-7E07DDDA8604}.Debug|Any CPU.ActiveCfg = Debug|Any CPU
		{1E9CDDA4-7C59-4CB3-AE18-7E07DDDA8604}.Debug|Any CPU.Build.0 = Debug|Any CPU
		{1E9CDDA4-7C59-4CB3-AE18-7E07DDDA8604}.Release|Any CPU.ActiveCfg = Release|Any CPU
		{1E9CDDA4-7C59-4CB3-AE18-7E07DDDA8604}.Release|Any CPU.Build.0 = Release|Any CPU
		{6DAF48FC-F3DC-4DFD-B343-6E70E1202182}.Debug|Any CPU.ActiveCfg = Debug|Any CPU
		{6DAF48FC-F3DC-4DFD-B343-6E70E1202182}.Debug|Any CPU.Build.0 = Debug|Any CPU
		{6DAF48FC-F3DC-4DFD-B343-6E70E1202182}.Release|Any CPU.ActiveCfg = Release|Any CPU
		{6DAF48FC-F3DC-4DFD-B343-6E70E1202182}.Release|Any CPU.Build.0 = Release|Any CPU
		{F16B3540-F3EF-474D-9EC0-CCB20A37BBBA}.Debug|Any CPU.ActiveCfg = Debug|Any CPU
		{F16B3540-F3EF-474D-9EC0-CCB20A37BBBA}.Debug|Any CPU.Build.0 = Debug|Any CPU
		{F16B3540-F3EF-474D-9EC0-CCB20A37BBBA}.Release|Any CPU.ActiveCfg = Release|Any CPU
		{F16B3540-F3EF-474D-9EC0-CCB20A37BBBA}.Release|Any CPU.Build.0 = Release|Any CPU
		{295F8DE2-464E-4380-97BC-8CD570F7602C}.Debug|Any CPU.ActiveCfg = Debug|Any CPU
		{295F8DE2-464E-4380-97BC-8CD570F7602C}.Debug|Any CPU.Build.0 = Debug|Any CPU
		{295F8DE2-464E-4380-97BC-8CD570F7602C}.Release|Any CPU.ActiveCfg = Release|Any CPU
		{295F8DE2-464E-4380-97BC-8CD570F7602C}.Release|Any CPU.Build.0 = Release|Any CPU
	EndGlobalSection
	GlobalSection(SolutionProperties) = preSolution
		HideSolutionNode = FALSE
	EndGlobalSection
	GlobalSection(ExtensibilityGlobals) = postSolution
		SolutionGuid = {C020934A-DCBE-4918-BC1F-146C070707DC}
	EndGlobalSection
EndGlobal
