
Microsoft Visual Studio Solution File, Format Version 12.00
# Visual Studio 15
VisualStudioVersion = 15.0.28010.2046
MinimumVisualStudioVersion = 10.0.40219.1
Project("{FAE04EC0-301F-11D3-BF4B-00C04F79EFBC}") = "01. Ranking", "01. Ranking\01. Ranking.csproj", "{9BD87968-90F0-4316-8931-15B51E0BE48B}"
EndProject
Project("{FAE04EC0-301F-11D3-BF4B-00C04F79EFBC}") = "temp", "temp\temp.csproj", "{A797642B-4925-49DF-93D0-F2E8CBCEDD69}"
EndProject
Global
	GlobalSection(SolutionConfigurationPlatforms) = preSolution
		Debug|Any CPU = Debug|Any CPU
		Release|Any CPU = Release|Any CPU
	EndGlobalSection
	GlobalSection(ProjectConfigurationPlatforms) = postSolution
		{9BD87968-90F0-4316-8931-15B51E0BE48B}.Debug|Any CPU.ActiveCfg = Debug|Any CPU
		{9BD87968-90F0-4316-8931-15B51E0BE48B}.Debug|Any CPU.Build.0 = Debug|Any CPU
		{9BD87968-90F0-4316-8931-15B51E0BE48B}.Release|Any CPU.ActiveCfg = Release|Any CPU
		{9BD87968-90F0-4316-8931-15B51E0BE48B}.Release|Any CPU.Build.0 = Release|Any CPU
		{A797642B-4925-49DF-93D0-F2E8CBCEDD69}.Debug|Any CPU.ActiveCfg = Debug|Any CPU
		{A797642B-4925-49DF-93D0-F2E8CBCEDD69}.Debug|Any CPU.Build.0 = Debug|Any CPU
		{A797642B-4925-49DF-93D0-F2E8CBCEDD69}.Release|Any CPU.ActiveCfg = Release|Any CPU
		{A797642B-4925-49DF-93D0-F2E8CBCEDD69}.Release|Any CPU.Build.0 = Release|Any CPU
	EndGlobalSection
	GlobalSection(SolutionProperties) = preSolution
		HideSolutionNode = FALSE
	EndGlobalSection
	GlobalSection(ExtensibilityGlobals) = postSolution
		SolutionGuid = {72790EB6-59A2-4825-9722-9212445F352A}
	EndGlobalSection
EndGlobal
