
Microsoft Visual Studio Solution File, Format Version 12.00
# Visual Studio Version 16
VisualStudioVersion = 16.0.28803.452
MinimumVisualStudioVersion = 10.0.40219.1
Project("{9A19103F-16F7-4668-BE54-9A1E7A4F7556}") = "DefiningClasses", "001. Define a Class Person\DefiningClasses.csproj", "{9391B192-BE1F-4E6D-87F7-E41A54D94221}"
EndProject
Project("{9A19103F-16F7-4668-BE54-9A1E7A4F7556}") = "CompanyRoster", "CompanyRoster\CompanyRoster.csproj", "{1FC214ED-EA35-4CE1-84C0-34995A9CDCB7}"
EndProject
Project("{9A19103F-16F7-4668-BE54-9A1E7A4F7556}") = "SpeedRacing", "SpeedRacing\SpeedRacing.csproj", "{B572FDA8-F705-4640-BDAB-3125F7298FBA}"
EndProject
Project("{9A19103F-16F7-4668-BE54-9A1E7A4F7556}") = "RawData", "RawData\RawData.csproj", "{3B003CE5-BA32-4B64-A477-F7DA89F12545}"
EndProject
Project("{FAE04EC0-301F-11D3-BF4B-00C04F79EFBC}") = "CarSalesman", "CarSalesman\CarSalesman.csproj", "{7DA88B68-A8AC-4CFA-ACE7-5480CD1FEE4D}"
EndProject
Global
	GlobalSection(SolutionConfigurationPlatforms) = preSolution
		Debug|Any CPU = Debug|Any CPU
		Release|Any CPU = Release|Any CPU
	EndGlobalSection
	GlobalSection(ProjectConfigurationPlatforms) = postSolution
		{9391B192-BE1F-4E6D-87F7-E41A54D94221}.Debug|Any CPU.ActiveCfg = Debug|Any CPU
		{9391B192-BE1F-4E6D-87F7-E41A54D94221}.Debug|Any CPU.Build.0 = Debug|Any CPU
		{9391B192-BE1F-4E6D-87F7-E41A54D94221}.Release|Any CPU.ActiveCfg = Release|Any CPU
		{9391B192-BE1F-4E6D-87F7-E41A54D94221}.Release|Any CPU.Build.0 = Release|Any CPU
		{1FC214ED-EA35-4CE1-84C0-34995A9CDCB7}.Debug|Any CPU.ActiveCfg = Debug|Any CPU
		{1FC214ED-EA35-4CE1-84C0-34995A9CDCB7}.Debug|Any CPU.Build.0 = Debug|Any CPU
		{1FC214ED-EA35-4CE1-84C0-34995A9CDCB7}.Release|Any CPU.ActiveCfg = Release|Any CPU
		{1FC214ED-EA35-4CE1-84C0-34995A9CDCB7}.Release|Any CPU.Build.0 = Release|Any CPU
		{B572FDA8-F705-4640-BDAB-3125F7298FBA}.Debug|Any CPU.ActiveCfg = Debug|Any CPU
		{B572FDA8-F705-4640-BDAB-3125F7298FBA}.Debug|Any CPU.Build.0 = Debug|Any CPU
		{B572FDA8-F705-4640-BDAB-3125F7298FBA}.Release|Any CPU.ActiveCfg = Release|Any CPU
		{B572FDA8-F705-4640-BDAB-3125F7298FBA}.Release|Any CPU.Build.0 = Release|Any CPU
		{3B003CE5-BA32-4B64-A477-F7DA89F12545}.Debug|Any CPU.ActiveCfg = Debug|Any CPU
		{3B003CE5-BA32-4B64-A477-F7DA89F12545}.Debug|Any CPU.Build.0 = Debug|Any CPU
		{3B003CE5-BA32-4B64-A477-F7DA89F12545}.Release|Any CPU.ActiveCfg = Release|Any CPU
		{3B003CE5-BA32-4B64-A477-F7DA89F12545}.Release|Any CPU.Build.0 = Release|Any CPU
		{7DA88B68-A8AC-4CFA-ACE7-5480CD1FEE4D}.Debug|Any CPU.ActiveCfg = Debug|Any CPU
		{7DA88B68-A8AC-4CFA-ACE7-5480CD1FEE4D}.Debug|Any CPU.Build.0 = Debug|Any CPU
		{7DA88B68-A8AC-4CFA-ACE7-5480CD1FEE4D}.Release|Any CPU.ActiveCfg = Release|Any CPU
		{7DA88B68-A8AC-4CFA-ACE7-5480CD1FEE4D}.Release|Any CPU.Build.0 = Release|Any CPU
	EndGlobalSection
	GlobalSection(SolutionProperties) = preSolution
		HideSolutionNode = FALSE
	EndGlobalSection
	GlobalSection(ExtensibilityGlobals) = postSolution
		SolutionGuid = {A2219056-EF67-4D4F-9270-0AFDEC063EA2}
	EndGlobalSection
EndGlobal
