
Microsoft Visual Studio Solution File, Format Version 12.00
# Visual Studio 15
VisualStudioVersion = 15.0.28307.572
MinimumVisualStudioVersion = 10.0.40219.1
Project("{FAE04EC0-301F-11D3-BF4B-00C04F79EFBC}") = "01. Socks", "01. Socks\01. Socks.csproj", "{59964816-E847-4D66-9C5E-A46845C83325}"
EndProject
Global
	GlobalSection(SolutionConfigurationPlatforms) = preSolution
		Debug|Any CPU = Debug|Any CPU
		Release|Any CPU = Release|Any CPU
	EndGlobalSection
	GlobalSection(ProjectConfigurationPlatforms) = postSolution
		{59964816-E847-4D66-9C5E-A46845C83325}.Debug|Any CPU.ActiveCfg = Debug|Any CPU
		{59964816-E847-4D66-9C5E-A46845C83325}.Debug|Any CPU.Build.0 = Debug|Any CPU
		{59964816-E847-4D66-9C5E-A46845C83325}.Release|Any CPU.ActiveCfg = Release|Any CPU
		{59964816-E847-4D66-9C5E-A46845C83325}.Release|Any CPU.Build.0 = Release|Any CPU
	EndGlobalSection
	GlobalSection(SolutionProperties) = preSolution
		HideSolutionNode = FALSE
	EndGlobalSection
	GlobalSection(ExtensibilityGlobals) = postSolution
		SolutionGuid = {7CB19049-F195-4751-A71C-BEDC58C58778}
	EndGlobalSection
EndGlobal
