
Microsoft Visual Studio Solution File, Format Version 12.00
# Visual Studio 15
VisualStudioVersion = 15.0.28307.572
MinimumVisualStudioVersion = 10.0.40219.1
Project("{FAE04EC0-301F-11D3-BF4B-00C04F79EFBC}") = "01. Club Party", "01. Club Party\01. Club Party.csproj", "{66AB9092-36B9-499B-A011-A08D4EDDAED4}"
EndProject
Project("{FAE04EC0-301F-11D3-BF4B-00C04F79EFBC}") = "02. Tron Racers", "02. Tron Racers\02. Tron Racers.csproj", "{C4F856F0-5922-46D8-8A50-81171A132418}"
EndProject
Global
	GlobalSection(SolutionConfigurationPlatforms) = preSolution
		Debug|Any CPU = Debug|Any CPU
		Release|Any CPU = Release|Any CPU
	EndGlobalSection
	GlobalSection(ProjectConfigurationPlatforms) = postSolution
		{66AB9092-36B9-499B-A011-A08D4EDDAED4}.Debug|Any CPU.ActiveCfg = Debug|Any CPU
		{66AB9092-36B9-499B-A011-A08D4EDDAED4}.Debug|Any CPU.Build.0 = Debug|Any CPU
		{66AB9092-36B9-499B-A011-A08D4EDDAED4}.Release|Any CPU.ActiveCfg = Release|Any CPU
		{66AB9092-36B9-499B-A011-A08D4EDDAED4}.Release|Any CPU.Build.0 = Release|Any CPU
		{C4F856F0-5922-46D8-8A50-81171A132418}.Debug|Any CPU.ActiveCfg = Debug|Any CPU
		{C4F856F0-5922-46D8-8A50-81171A132418}.Debug|Any CPU.Build.0 = Debug|Any CPU
		{C4F856F0-5922-46D8-8A50-81171A132418}.Release|Any CPU.ActiveCfg = Release|Any CPU
		{C4F856F0-5922-46D8-8A50-81171A132418}.Release|Any CPU.Build.0 = Release|Any CPU
	EndGlobalSection
	GlobalSection(SolutionProperties) = preSolution
		HideSolutionNode = FALSE
	EndGlobalSection
	GlobalSection(ExtensibilityGlobals) = postSolution
		SolutionGuid = {BD74B88C-3CDD-4CBF-BCF8-DEA8BF678D13}
	EndGlobalSection
EndGlobal
