
Microsoft Visual Studio Solution File, Format Version 12.00
# Visual Studio 15
VisualStudioVersion = 15.0.28010.2046
MinimumVisualStudioVersion = 10.0.40219.1
Project("{9A19103F-16F7-4668-BE54-9A1E7A4F7556}") = "01. Count Chars in a String", "01. Count Chars in a String\01. Count Chars in a String.csproj", "{B87E42A5-E8BD-4103-8068-F5571B6CECFF}"
EndProject
Project("{9A19103F-16F7-4668-BE54-9A1E7A4F7556}") = "02. A Miner Task", "02. A Miner Task\02. A Miner Task.csproj", "{6741EB6C-279E-420E-9ACE-29FC8BC2A4CD}"
EndProject
Project("{9A19103F-16F7-4668-BE54-9A1E7A4F7556}") = "03. Legendary Farming", "03. Legendary Farming\03. Legendary Farming.csproj", "{DA877BF3-F25A-46E6-B120-B9F887C825D2}"
EndProject
Project("{9A19103F-16F7-4668-BE54-9A1E7A4F7556}") = "temp", "temp\temp.csproj", "{CC837016-3CAB-4871-8C39-CD618AA3662C}"
EndProject
Project("{9A19103F-16F7-4668-BE54-9A1E7A4F7556}") = "04. Orders", "04. Orders\04. Orders.csproj", "{D25AE384-E1D1-45D3-80EF-04717CC072F5}"
EndProject
Project("{9A19103F-16F7-4668-BE54-9A1E7A4F7556}") = "05. SoftUni Parking", "05. SoftUni Parking\05. SoftUni Parking.csproj", "{D0179950-D1BC-492E-AE43-E15E59096BF5}"
EndProject
Project("{9A19103F-16F7-4668-BE54-9A1E7A4F7556}") = "10. SoftUni Exam Results", "10. SoftUni Exam Results\10. SoftUni Exam Results.csproj", "{C2D3C926-3D9F-4966-BDAE-F8F398C9CD17}"
EndProject
Project("{9A19103F-16F7-4668-BE54-9A1E7A4F7556}") = "06. Courses", "06. Courses\06. Courses.csproj", "{80E3EBFF-0311-44F1-93BE-A893F0A0BF47}"
EndProject
Project("{9A19103F-16F7-4668-BE54-9A1E7A4F7556}") = "07. Student Academy", "07. Student Academy\07. Student Academy.csproj", "{0C43B9AB-F200-445D-BCDE-6DCEF100FD4C}"
EndProject
Project("{FAE04EC0-301F-11D3-BF4B-00C04F79EFBC}") = "08. Company Users", "08. Company Users\08. Company Users.csproj", "{3D9DBB6F-1B97-42F0-B254-242359534C1C}"
EndProject
Project("{FAE04EC0-301F-11D3-BF4B-00C04F79EFBC}") = "09. ForceBook", "09. ForceBook\09. ForceBook.csproj", "{88E49019-6C37-4583-A513-A94118809C88}"
EndProject
Global
	GlobalSection(SolutionConfigurationPlatforms) = preSolution
		Debug|Any CPU = Debug|Any CPU
		Release|Any CPU = Release|Any CPU
	EndGlobalSection
	GlobalSection(ProjectConfigurationPlatforms) = postSolution
		{B87E42A5-E8BD-4103-8068-F5571B6CECFF}.Debug|Any CPU.ActiveCfg = Debug|Any CPU
		{B87E42A5-E8BD-4103-8068-F5571B6CECFF}.Debug|Any CPU.Build.0 = Debug|Any CPU
		{B87E42A5-E8BD-4103-8068-F5571B6CECFF}.Release|Any CPU.ActiveCfg = Release|Any CPU
		{B87E42A5-E8BD-4103-8068-F5571B6CECFF}.Release|Any CPU.Build.0 = Release|Any CPU
		{6741EB6C-279E-420E-9ACE-29FC8BC2A4CD}.Debug|Any CPU.ActiveCfg = Debug|Any CPU
		{6741EB6C-279E-420E-9ACE-29FC8BC2A4CD}.Debug|Any CPU.Build.0 = Debug|Any CPU
		{6741EB6C-279E-420E-9ACE-29FC8BC2A4CD}.Release|Any CPU.ActiveCfg = Release|Any CPU
		{6741EB6C-279E-420E-9ACE-29FC8BC2A4CD}.Release|Any CPU.Build.0 = Release|Any CPU
		{DA877BF3-F25A-46E6-B120-B9F887C825D2}.Debug|Any CPU.ActiveCfg = Debug|Any CPU
		{DA877BF3-F25A-46E6-B120-B9F887C825D2}.Debug|Any CPU.Build.0 = Debug|Any CPU
		{DA877BF3-F25A-46E6-B120-B9F887C825D2}.Release|Any CPU.ActiveCfg = Release|Any CPU
		{DA877BF3-F25A-46E6-B120-B9F887C825D2}.Release|Any CPU.Build.0 = Release|Any CPU
		{CC837016-3CAB-4871-8C39-CD618AA3662C}.Debug|Any CPU.ActiveCfg = Debug|Any CPU
		{CC837016-3CAB-4871-8C39-CD618AA3662C}.Debug|Any CPU.Build.0 = Debug|Any CPU
		{CC837016-3CAB-4871-8C39-CD618AA3662C}.Release|Any CPU.ActiveCfg = Release|Any CPU
		{CC837016-3CAB-4871-8C39-CD618AA3662C}.Release|Any CPU.Build.0 = Release|Any CPU
		{D25AE384-E1D1-45D3-80EF-04717CC072F5}.Debug|Any CPU.ActiveCfg = Debug|Any CPU
		{D25AE384-E1D1-45D3-80EF-04717CC072F5}.Debug|Any CPU.Build.0 = Debug|Any CPU
		{D25AE384-E1D1-45D3-80EF-04717CC072F5}.Release|Any CPU.ActiveCfg = Release|Any CPU
		{D25AE384-E1D1-45D3-80EF-04717CC072F5}.Release|Any CPU.Build.0 = Release|Any CPU
		{D0179950-D1BC-492E-AE43-E15E59096BF5}.Debug|Any CPU.ActiveCfg = Debug|Any CPU
		{D0179950-D1BC-492E-AE43-E15E59096BF5}.Debug|Any CPU.Build.0 = Debug|Any CPU
		{D0179950-D1BC-492E-AE43-E15E59096BF5}.Release|Any CPU.ActiveCfg = Release|Any CPU
		{D0179950-D1BC-492E-AE43-E15E59096BF5}.Release|Any CPU.Build.0 = Release|Any CPU
		{C2D3C926-3D9F-4966-BDAE-F8F398C9CD17}.Debug|Any CPU.ActiveCfg = Debug|Any CPU
		{C2D3C926-3D9F-4966-BDAE-F8F398C9CD17}.Debug|Any CPU.Build.0 = Debug|Any CPU
		{C2D3C926-3D9F-4966-BDAE-F8F398C9CD17}.Release|Any CPU.ActiveCfg = Release|Any CPU
		{C2D3C926-3D9F-4966-BDAE-F8F398C9CD17}.Release|Any CPU.Build.0 = Release|Any CPU
		{80E3EBFF-0311-44F1-93BE-A893F0A0BF47}.Debug|Any CPU.ActiveCfg = Debug|Any CPU
		{80E3EBFF-0311-44F1-93BE-A893F0A0BF47}.Debug|Any CPU.Build.0 = Debug|Any CPU
		{80E3EBFF-0311-44F1-93BE-A893F0A0BF47}.Release|Any CPU.ActiveCfg = Release|Any CPU
		{80E3EBFF-0311-44F1-93BE-A893F0A0BF47}.Release|Any CPU.Build.0 = Release|Any CPU
		{0C43B9AB-F200-445D-BCDE-6DCEF100FD4C}.Debug|Any CPU.ActiveCfg = Debug|Any CPU
		{0C43B9AB-F200-445D-BCDE-6DCEF100FD4C}.Debug|Any CPU.Build.0 = Debug|Any CPU
		{0C43B9AB-F200-445D-BCDE-6DCEF100FD4C}.Release|Any CPU.ActiveCfg = Release|Any CPU
		{0C43B9AB-F200-445D-BCDE-6DCEF100FD4C}.Release|Any CPU.Build.0 = Release|Any CPU
		{3D9DBB6F-1B97-42F0-B254-242359534C1C}.Debug|Any CPU.ActiveCfg = Debug|Any CPU
		{3D9DBB6F-1B97-42F0-B254-242359534C1C}.Debug|Any CPU.Build.0 = Debug|Any CPU
		{3D9DBB6F-1B97-42F0-B254-242359534C1C}.Release|Any CPU.ActiveCfg = Release|Any CPU
		{3D9DBB6F-1B97-42F0-B254-242359534C1C}.Release|Any CPU.Build.0 = Release|Any CPU
		{88E49019-6C37-4583-A513-A94118809C88}.Debug|Any CPU.ActiveCfg = Debug|Any CPU
		{88E49019-6C37-4583-A513-A94118809C88}.Debug|Any CPU.Build.0 = Debug|Any CPU
		{88E49019-6C37-4583-A513-A94118809C88}.Release|Any CPU.ActiveCfg = Release|Any CPU
		{88E49019-6C37-4583-A513-A94118809C88}.Release|Any CPU.Build.0 = Release|Any CPU
	EndGlobalSection
	GlobalSection(SolutionProperties) = preSolution
		HideSolutionNode = FALSE
	EndGlobalSection
	GlobalSection(ExtensibilityGlobals) = postSolution
		SolutionGuid = {05658E37-1B86-43E0-9CE5-3620AE4D1EDA}
	EndGlobalSection
EndGlobal
