
Microsoft Visual Studio Solution File, Format Version 12.00
# Visual Studio Version 16
VisualStudioVersion = 16.0.28803.352
MinimumVisualStudioVersion = 10.0.40219.1
Project("{9A19103F-16F7-4668-BE54-9A1E7A4F7556}") = "01. Basic Stack Operations", "01. Basic Stack Operations\01. Basic Stack Operations.csproj", "{6AA064F4-6A22-46A9-A934-C21F5EE87622}"
EndProject
Project("{9A19103F-16F7-4668-BE54-9A1E7A4F7556}") = "02. Basic Queue Operations", "02. Basic Queue Operations\02. Basic Queue Operations.csproj", "{F2E4300B-BD27-42D5-A075-73885E476D59}"
EndProject
Project("{9A19103F-16F7-4668-BE54-9A1E7A4F7556}") = "03. Maximum and Minimum Element", "03. Maximum and Minimum Element\03. Maximum and Minimum Element.csproj", "{C314FF04-E811-4D9C-94F6-1BB21CBBF51F}"
EndProject
Project("{9A19103F-16F7-4668-BE54-9A1E7A4F7556}") = "04. Fast Food", "04. Fast Food\04. Fast Food.csproj", "{40A07E68-F7DD-4CFB-A7A6-265055D15C62}"
EndProject
Project("{9A19103F-16F7-4668-BE54-9A1E7A4F7556}") = "05. Fashion Boutique", "05. Fashion Boutique\05. Fashion Boutique.csproj", "{B49CEBDF-F484-43B4-98EB-E0D4074ACB70}"
EndProject
Project("{9A19103F-16F7-4668-BE54-9A1E7A4F7556}") = "06. Auto Repair and Service", "06. Auto Repair and Service\06. Auto Repair and Service.csproj", "{E910CF95-B884-4C02-99C2-B871BA0B60BD}"
EndProject
Project("{FAE04EC0-301F-11D3-BF4B-00C04F79EFBC}") = "07. Truck Tour", "07. Truck Tour\07. Truck Tour.csproj", "{66662144-5786-454D-995C-779ECE4211EF}"
EndProject
Global
	GlobalSection(SolutionConfigurationPlatforms) = preSolution
		Debug|Any CPU = Debug|Any CPU
		Release|Any CPU = Release|Any CPU
	EndGlobalSection
	GlobalSection(ProjectConfigurationPlatforms) = postSolution
		{6AA064F4-6A22-46A9-A934-C21F5EE87622}.Debug|Any CPU.ActiveCfg = Debug|Any CPU
		{6AA064F4-6A22-46A9-A934-C21F5EE87622}.Debug|Any CPU.Build.0 = Debug|Any CPU
		{6AA064F4-6A22-46A9-A934-C21F5EE87622}.Release|Any CPU.ActiveCfg = Release|Any CPU
		{6AA064F4-6A22-46A9-A934-C21F5EE87622}.Release|Any CPU.Build.0 = Release|Any CPU
		{F2E4300B-BD27-42D5-A075-73885E476D59}.Debug|Any CPU.ActiveCfg = Debug|Any CPU
		{F2E4300B-BD27-42D5-A075-73885E476D59}.Debug|Any CPU.Build.0 = Debug|Any CPU
		{F2E4300B-BD27-42D5-A075-73885E476D59}.Release|Any CPU.ActiveCfg = Release|Any CPU
		{F2E4300B-BD27-42D5-A075-73885E476D59}.Release|Any CPU.Build.0 = Release|Any CPU
		{C314FF04-E811-4D9C-94F6-1BB21CBBF51F}.Debug|Any CPU.ActiveCfg = Debug|Any CPU
		{C314FF04-E811-4D9C-94F6-1BB21CBBF51F}.Debug|Any CPU.Build.0 = Debug|Any CPU
		{C314FF04-E811-4D9C-94F6-1BB21CBBF51F}.Release|Any CPU.ActiveCfg = Release|Any CPU
		{C314FF04-E811-4D9C-94F6-1BB21CBBF51F}.Release|Any CPU.Build.0 = Release|Any CPU
		{40A07E68-F7DD-4CFB-A7A6-265055D15C62}.Debug|Any CPU.ActiveCfg = Debug|Any CPU
		{40A07E68-F7DD-4CFB-A7A6-265055D15C62}.Debug|Any CPU.Build.0 = Debug|Any CPU
		{40A07E68-F7DD-4CFB-A7A6-265055D15C62}.Release|Any CPU.ActiveCfg = Release|Any CPU
		{40A07E68-F7DD-4CFB-A7A6-265055D15C62}.Release|Any CPU.Build.0 = Release|Any CPU
		{B49CEBDF-F484-43B4-98EB-E0D4074ACB70}.Debug|Any CPU.ActiveCfg = Debug|Any CPU
		{B49CEBDF-F484-43B4-98EB-E0D4074ACB70}.Debug|Any CPU.Build.0 = Debug|Any CPU
		{B49CEBDF-F484-43B4-98EB-E0D4074ACB70}.Release|Any CPU.ActiveCfg = Release|Any CPU
		{B49CEBDF-F484-43B4-98EB-E0D4074ACB70}.Release|Any CPU.Build.0 = Release|Any CPU
		{E910CF95-B884-4C02-99C2-B871BA0B60BD}.Debug|Any CPU.ActiveCfg = Debug|Any CPU
		{E910CF95-B884-4C02-99C2-B871BA0B60BD}.Debug|Any CPU.Build.0 = Debug|Any CPU
		{E910CF95-B884-4C02-99C2-B871BA0B60BD}.Release|Any CPU.ActiveCfg = Release|Any CPU
		{E910CF95-B884-4C02-99C2-B871BA0B60BD}.Release|Any CPU.Build.0 = Release|Any CPU
		{66662144-5786-454D-995C-779ECE4211EF}.Debug|Any CPU.ActiveCfg = Debug|Any CPU
		{66662144-5786-454D-995C-779ECE4211EF}.Debug|Any CPU.Build.0 = Debug|Any CPU
		{66662144-5786-454D-995C-779ECE4211EF}.Release|Any CPU.ActiveCfg = Release|Any CPU
		{66662144-5786-454D-995C-779ECE4211EF}.Release|Any CPU.Build.0 = Release|Any CPU
	EndGlobalSection
	GlobalSection(SolutionProperties) = preSolution
		HideSolutionNode = FALSE
	EndGlobalSection
	GlobalSection(ExtensibilityGlobals) = postSolution
		SolutionGuid = {4A59A592-6D4F-4FA5-ABB1-722672F1607A}
	EndGlobalSection
EndGlobal
